// !$*UTF8*$!
{
	archiveVersion = 1;
	classes = {
	};
	objectVersion = 48;
	objects = {

/* Begin PBXBuildFile section */
		61A254C5203F420000008997 /* AppDelegate.swift in Sources */ = {isa = PBXBuildFile; fileRef = 61A254C4203F420000008997 /* AppDelegate.swift */; };
		61A254CA203F420000008997 /* Main.storyboard in Resources */ = {isa = PBXBuildFile; fileRef = 61A254C8203F420000008997 /* Main.storyboard */; };
		61A254CC203F420000008997 /* Assets.xcassets in Resources */ = {isa = PBXBuildFile; fileRef = 61A254CB203F420000008997 /* Assets.xcassets */; };
		61A254CF203F420000008997 /* LaunchScreen.storyboard in Resources */ = {isa = PBXBuildFile; fileRef = 61A254CD203F420000008997 /* LaunchScreen.storyboard */; };
		61A254D7203F426000008997 /* MainViewController.swift in Sources */ = {isa = PBXBuildFile; fileRef = 61A254D6203F426000008997 /* MainViewController.swift */; };
		61A254DA203F429F00008997 /* ResultViewController.swift in Sources */ = {isa = PBXBuildFile; fileRef = 61A254D9203F429F00008997 /* ResultViewController.swift */; };
		61A254DE203F71C800008997 /* Hand.swift in Sources */ = {isa = PBXBuildFile; fileRef = 61A254DD203F71C800008997 /* Hand.swift */; };
		61A254E0203F85BA00008997 /* Game.swift in Sources */ = {isa = PBXBuildFile; fileRef = 61A254DF203F85BA00008997 /* Game.swift */; };
/* End PBXBuildFile section */

/* Begin PBXFileReference section */
		61A254C1203F420000008997 /* Roshambo.app */ = {isa = PBXFileReference; explicitFileType = wrapper.application; includeInIndex = 0; path = Roshambo.app; sourceTree = BUILT_PRODUCTS_DIR; };
		61A254C4203F420000008997 /* AppDelegate.swift */ = {isa = PBXFileReference; lastKnownFileType = sourcecode.swift; path = AppDelegate.swift; sourceTree = "<group>"; };
		61A254C9203F420000008997 /* Base */ = {isa = PBXFileReference; lastKnownFileType = file.storyboard; name = Base; path = Base.lproj/Main.storyboard; sourceTree = "<group>"; };
		61A254CB203F420000008997 /* Assets.xcassets */ = {isa = PBXFileReference; lastKnownFileType = folder.assetcatalog; path = Assets.xcassets; sourceTree = "<group>"; };
		61A254CE203F420000008997 /* Base */ = {isa = PBXFileReference; lastKnownFileType = file.storyboard; name = Base; path = Base.lproj/LaunchScreen.storyboard; sourceTree = "<group>"; };
		61A254D0203F420000008997 /* Info.plist */ = {isa = PBXFileReference; lastKnownFileType = text.plist.xml; path = Info.plist; sourceTree = "<group>"; };
		61A254D6203F426000008997 /* MainViewController.swift */ = {isa = PBXFileReference; lastKnownFileType = sourcecode.swift; path = MainViewController.swift; sourceTree = "<group>"; };
		61A254D9203F429F00008997 /* ResultViewController.swift */ = {isa = PBXFileReference; lastKnownFileType = sourcecode.swift; path = ResultViewController.swift; sourceTree = "<group>"; };
		61A254DD203F71C800008997 /* Hand.swift */ = {isa = PBXFileReference; lastKnownFileType = sourcecode.swift; path = Hand.swift; sourceTree = "<group>"; };
		61A254DF203F85BA00008997 /* Game.swift */ = {isa = PBXFileReference; lastKnownFileType = sourcecode.swift; path = Game.swift; sourceTree = "<group>"; };
/* End PBXFileReference section */

/* Begin PBXFrameworksBuildPhase section */
		61A254BE203F420000008997 /* Frameworks */ = {
			isa = PBXFrameworksBuildPhase;
			buildActionMask = 2147483647;
			files = (
			);
			runOnlyForDeploymentPostprocessing = 0;
		};
/* End PBXFrameworksBuildPhase section */

/* Begin PBXGroup section */
		61A254B8203F420000008997 = {
			isa = PBXGroup;
			children = (
				61A254C3203F420000008997 /* Roshambo */,
				61A254C2203F420000008997 /* Products */,
			);
			sourceTree = "<group>";
		};
		61A254C2203F420000008997 /* Products */ = {
			isa = PBXGroup;
			children = (
				61A254C1203F420000008997 /* Roshambo.app */,
			);
			name = Products;
			sourceTree = "<group>";
		};
		61A254C3203F420000008997 /* Roshambo */ = {
			isa = PBXGroup;
			children = (
				61A254D0203F420000008997 /* Info.plist */,
				61A254C8203F420000008997 /* Main.storyboard */,
				61A254D6203F426000008997 /* MainViewController.swift */,
				61A254D9203F429F00008997 /* ResultViewController.swift */,
				61A254DD203F71C800008997 /* Hand.swift */,
				61A254DF203F85BA00008997 /* Game.swift */,
				61A254D8203F428000008997 /* Support */,
			);
			path = Roshambo;
			sourceTree = "<group>";
		};
		61A254D8203F428000008997 /* Support */ = {
			isa = PBXGroup;
			children = (
				61A254C4203F420000008997 /* AppDelegate.swift */,
				61A254CB203F420000008997 /* Assets.xcassets */,
				61A254CD203F420000008997 /* LaunchScreen.storyboard */,
			);
			path = Support;
			sourceTree = "<group>";
		};
/* End PBXGroup section */

/* Begin PBXNativeTarget section */
		61A254C0203F420000008997 /* Roshambo */ = {
			isa = PBXNativeTarget;
			buildConfigurationList = 61A254D3203F420000008997 /* Build configuration list for PBXNativeTarget "Roshambo" */;
			buildPhases = (
				61A254BD203F420000008997 /* Sources */,
				61A254BE203F420000008997 /* Frameworks */,
				61A254BF203F420000008997 /* Resources */,
			);
			buildRules = (
			);
			dependencies = (
			);
			name = Roshambo;
			productName = Roshambo;
			productReference = 61A254C1203F420000008997 /* Roshambo.app */;
			productType = "com.apple.product-type.application";
		};
/* End PBXNativeTarget section */

/* Begin PBXProject section */
		61A254B9203F420000008997 /* Project object */ = {
			isa = PBXProject;
			attributes = {
				LastSwiftUpdateCheck = 0920;
				LastUpgradeCheck = 0920;
				ORGANIZATIONNAME = "Robert DeLaurentis";
				TargetAttributes = {
					61A254C0203F420000008997 = {
						CreatedOnToolsVersion = 9.2;
						ProvisioningStyle = Automatic;
					};
				};
			};
			buildConfigurationList = 61A254BC203F420000008997 /* Build configuration list for PBXProject "Roshambo" */;
			compatibilityVersion = "Xcode 8.0";
			developmentRegion = en;
			hasScannedForEncodings = 0;
			knownRegions = (
				en,
				Base,
			);
			mainGroup = 61A254B8203F420000008997;
			productRefGroup = 61A254C2203F420000008997 /* Products */;
			projectDirPath = "";
			projectRoot = "";
			targets = (
				61A254C0203F420000008997 /* Roshambo */,
			);
		};
/* End PBXProject section */

/* Begin PBXResourcesBuildPhase section */
		61A254BF203F420000008997 /* Resources */ = {
			isa = PBXResourcesBuildPhase;
			buildActionMask = 2147483647;
			files = (
				61A254CF203F420000008997 /* LaunchScreen.storyboard in Resources */,
				61A254CC203F420000008997 /* Assets.xcassets in Resources */,
				61A254CA203F420000008997 /* Main.storyboard in Resources */,
			);
			runOnlyForDeploymentPostprocessing = 0;
		};
/* End PBXResourcesBuildPhase section */

/* Begin PBXSourcesBuildPhase section */
		61A254BD203F420000008997 /* Sources */ = {
			isa = PBXSourcesBuildPhase;
			buildActionMask = 2147483647;
			files = (
				61A254C5203F420000008997 /* AppDelegate.swift in Sources */,
				61A254E0203F85BA00008997 /* Game.swift in Sources */,
				61A254D7203F426000008997 /* MainViewController.swift in Sources */,
				61A254DE203F71C800008997 /* Hand.swift in Sources */,
				61A254DA203F429F00008997 /* ResultViewController.swift in Sources */,
			);
			runOnlyForDeploymentPostprocessing = 0;
		};
/* End PBXSourcesBuildPhase section */

/* Begin PBXVariantGroup section */
		61A254C8203F420000008997 /* Main.storyboard */ = {
			isa = PBXVariantGroup;
			children = (
				61A254C9203F420000008997 /* Base */,
			);
			name = Main.storyboard;
			sourceTree = "<group>";
		};
		61A254CD203F420000008997 /* LaunchScreen.storyboard */ = {
			isa = PBXVariantGroup;
			children = (
				61A254CE203F420000008997 /* Base */,
			);
			name = LaunchScreen.storyboard;
			sourceTree = "<group>";
		};
/* End PBXVariantGroup section */

/* Begin XCBuildConfiguration section */
		61A254D1203F420000008997 /* Debug */ = {
			isa = XCBuildConfiguration;
			buildSettings = {
				ALWAYS_SEARCH_USER_PATHS = NO;
				CLANG_ANALYZER_NONNULL = YES;
				CLANG_ANALYZER_NUMBER_OBJECT_CONVERSION = YES_AGGRESSIVE;
				CLANG_CXX_LANGUAGE_STANDARD = "gnu++14";
				CLANG_CXX_LIBRARY = "libc++";
				CLANG_ENABLE_MODULES = YES;
				CLANG_ENABLE_OBJC_ARC = YES;
				CLANG_WARN_BLOCK_CAPTURE_AUTORELEASING = YES;
				CLANG_WARN_BOOL_CONVERSION = YES;
				CLANG_WARN_COMMA = YES;
				CLANG_WARN_CONSTANT_CONVERSION = YES;
				CLANG_WARN_DIRECT_OBJC_ISA_USAGE = YES_ERROR;
				CLANG_WARN_DOCUMENTATION_COMMENTS = YES;
				CLANG_WARN_EMPTY_BODY = YES;
				CLANG_WARN_ENUM_CONVERSION = YES;
				CLANG_WARN_INFINITE_RECURSION = YES;
				CLANG_WARN_INT_CONVERSION = YES;
				CLANG_WARN_NON_LITERAL_NULL_CONVERSION = YES;
				CLANG_WARN_OBJC_LITERAL_CONVERSION = YES;
				CLANG_WARN_OBJC_ROOT_CLASS = YES_ERROR;
				CLANG_WARN_RANGE_LOOP_ANALYSIS = YES;
				CLANG_WARN_STRICT_PROTOTYPES = YES;
				CLANG_WARN_SUSPICIOUS_MOVE = YES;
				CLANG_WARN_UNGUARDED_AVAILABILITY = YES_AGGRESSIVE;
				CLANG_WARN_UNREACHABLE_CODE = YES;
				CLANG_WARN__DUPLICATE_METHOD_MATCH = YES;
				CODE_SIGN_IDENTITY = "iPhone Developer";
				COPY_PHASE_STRIP = NO;
				DEBUG_INFORMATION_FORMAT = dwarf;
				ENABLE_STRICT_OBJC_MSGSEND = YES;
				ENABLE_TESTABILITY = YES;
				GCC_C_LANGUAGE_STANDARD = gnu11;
				GCC_DYNAMIC_NO_PIC = NO;
				GCC_NO_COMMON_BLOCKS = YES;
				GCC_OPTIMIZATION_LEVEL = 0;
				GCC_PREPROCESSOR_DEFINITIONS = (
					"DEBUG=1",
					"$(inherited)",
				);
				GCC_WARN_64_TO_32_BIT_CONVERSION = YES;
				GCC_WARN_ABOUT_RETURN_TYPE = YES_ERROR;
				GCC_WARN_UNDECLARED_SELECTOR = YES;
				GCC_WARN_UNINITIALIZED_AUTOS = YES_AGGRESSIVE;
				GCC_WARN_UNUSED_FUNCTION = YES;
				GCC_WARN_UNUSED_VARIABLE = YES;
				IPHONEOS_DEPLOYMENT_TARGET = 11.2;
				MTL_ENABLE_DEBUG_INFO = YES;
				ONLY_ACTIVE_ARCH = YES;
				SDKROOT = iphoneos;
				SWIFT_ACTIVE_COMPILATION_CONDITIONS = DEBUG;
				SWIFT_OPTIMIZATION_LEVEL = "-Onone";
			};
			name = Debug;
		};
		61A254D2203F420000008997 /* Release */ = {
			isa = XCBuildConfiguration;
			buildSettings = {
				ALWAYS_SEARCH_USER_PATHS = NO;
				CLANG_ANALYZER_NONNULL = YES;
				CLANG_ANALYZER_NUMBER_OBJECT_CONVERSION = YES_AGGRESSIVE;
				CLANG_CXX_LANGUAGE_STANDARD = "gnu++14";
				CLANG_CXX_LIBRARY = "libc++";
				CLANG_ENABLE_MODULES = YES;
				CLANG_ENABLE_OBJC_ARC = YES;
				CLANG_WARN_BLOCK_CAPTURE_AUTORELEASING = YES;
				CLANG_WARN_BOOL_CONVERSION = YES;
				CLANG_WARN_COMMA = YES;
				CLANG_WARN_CONSTANT_CONVERSION = YES;
				CLANG_WARN_DIRECT_OBJC_ISA_USAGE = YES_ERROR;
				CLANG_WARN_DOCUMENTATION_COMMENTS = YES;
				CLANG_WARN_EMPTY_BODY = YES;
				CLANG_WARN_ENUM_CONVERSION = YES;
				CLANG_WARN_INFINITE_RECURSION = YES;
				CLANG_WARN_INT_CONVERSION = YES;
				CLANG_WARN_NON_LITERAL_NULL_CONVERSION = YES;
				CLANG_WARN_OBJC_LITERAL_CONVERSION = YES;
				CLANG_WARN_OBJC_ROOT_CLASS = YES_ERROR;
				CLANG_WARN_RANGE_LOOP_ANALYSIS = YES;
				CLANG_WARN_STRICT_PROTOTYPES = YES;
				CLANG_WARN_SUSPICIOUS_MOVE = YES;
				CLANG_WARN_UNGUARDED_AVAILABILITY = YES_AGGRESSIVE;
				CLANG_WARN_UNREACHABLE_CODE = YES;
				CLANG_WARN__DUPLICATE_METHOD_MATCH = YES;
				CODE_SIGN_IDENTITY = "iPhone Developer";
				COPY_PHASE_STRIP = NO;
				DEBUG_INFORMATION_FORMAT = "dwarf-with-dsym";
				ENABLE_NS_ASSERTIONS = NO;
				ENABLE_STRICT_OBJC_MSGSEND = YES;
				GCC_C_LANGUAGE_STANDARD = gnu11;
				GCC_NO_COMMON_BLOCKS = YES;
				GCC_WARN_64_TO_32_BIT_CONVERSION = YES;
				GCC_WARN_ABOUT_RETURN_TYPE = YES_ERROR;
				GCC_WARN_UNDECLARED_SELECTOR = YES;
				GCC_WARN_UNINITIALIZED_AUTOS = YES_AGGRESSIVE;
				GCC_WARN_UNUSED_FUNCTION = YES;
				GCC_WARN_UNUSED_VARIABLE = YES;
				IPHONEOS_DEPLOYMENT_TARGET = 11.2;
				MTL_ENABLE_DEBUG_INFO = NO;
				SDKROOT = iphoneos;
				SWIFT_OPTIMIZATION_LEVEL = "-Owholemodule";
				VALIDATE_PRODUCT = YES;
			};
			name = Release;
		};
		61A254D4203F420000008997 /* Debug */ = {
			isa = XCBuildConfiguration;
			buildSettings = {
				ASSETCATALOG_COMPILER_APPICON_NAME = AppIcon;
				CODE_SIGN_STYLE = Automatic;
				DEVELOPMENT_TEAM = 7Y3X25PDL6;
				INFOPLIST_FILE = Roshambo/Info.plist;
				LD_RUNPATH_SEARCH_PATHS = "$(inherited) @executable_path/Frameworks";
				PRODUCT_BUNDLE_IDENTIFIER = com.bobdel.Roshambo;
				PRODUCT_NAME = "$(TARGET_NAME)";
				SWIFT_VERSION = 4.0;
				TARGETED_DEVICE_FAMILY = "1,2";
			};
			name = Debug;
		};
		61A254D5203F420000008997 /* Release */ = {
			isa = XCBuildConfiguration;
			buildSettings = {
				ASSETCATALOG_COMPILER_APPICON_NAME = AppIcon;
				CODE_SIGN_STYLE = Automatic;
				DEVELOPMENT_TEAM = 7Y3X25PDL6;
				INFOPLIST_FILE = Roshambo/Info.plist;
				LD_RUNPATH_SEARCH_PATHS = "$(inherited) @executable_path/Frameworks";
				PRODUCT_BUNDLE_IDENTIFIER = com.bobdel.Roshambo;
				PRODUCT_NAME = "$(TARGET_NAME)";
				SWIFT_VERSION = 4.0;
				TARGETED_DEVICE_FAMILY = "1,2";
			};
			name = Release;
		};
/* End XCBuildConfiguration section */

/* Begin XCConfigurationList section */
		61A254BC203F420000008997 /* Build configuration list for PBXProject "Roshambo" */ = {
			isa = XCConfigurationList;
			buildConfigurations = (
				61A254D1203F420000008997 /* Debug */,
				61A254D2203F420000008997 /* Release */,
			);
			defaultConfigurationIsVisible = 0;
			defaultConfigurationName = Release;
		};
		61A254D3203F420000008997 /* Build configuration list for PBXNativeTarget "Roshambo" */ = {
			isa = XCConfigurationList;
			buildConfigurations = (
				61A254D4203F420000008997 /* Debug */,
				61A254D5203F420000008997 /* Release */,
			);
			defaultConfigurationIsVisible = 0;
			defaultConfigurationName = Release;
		};
/* End XCConfigurationList section */
	};
	rootObject = 61A254B9203F420000008997 /* Project object */;
}
